
Microsoft Visual Studio Solution File, Format Version 12.00
# Visual Studio Version 17
VisualStudioVersion = 17.6.33801.468
MinimumVisualStudioVersion = 10.0.40219.1
Project("{FAE04EC0-301F-11D3-BF4B-00C04F79EFBC}") = "QQmd5Down", "QQmd5Down.csproj", "{9293F16C-BEAB-4EC4-B902-7ECB11987F0A}"
EndProject
Global
	GlobalSection(SolutionConfigurationPlatforms) = preSolution
		Debug|Any CPU = Debug|Any CPU
		Release|Any CPU = Release|Any CPU
	EndGlobalSection
	GlobalSection(ProjectConfigurationPlatforms) = postSolution
		{9293F16C-BEAB-4EC4-B902-7ECB11987F0A}.Debug|Any CPU.ActiveCfg = Debug|Any CPU
		{9293F16C-BEAB-4EC4-B902-7ECB11987F0A}.Debug|Any CPU.Build.0 = Debug|Any CPU
		{9293F16C-BEAB-4EC4-B902-7ECB11987F0A}.Release|Any CPU.ActiveCfg = Release|Any CPU
		{9293F16C-BEAB-4EC4-B902-7ECB11987F0A}.Release|Any CPU.Build.0 = Release|Any CPU
	EndGlobalSection
	GlobalSection(SolutionProperties) = preSolution
		HideSolutionNode = FALSE
	EndGlobalSection
	GlobalSection(ExtensibilityGlobals) = postSolution
		SolutionGuid = {F55146E6-7E9F-4717-98FF-A0F7A9E9EFF0}
	EndGlobalSection
EndGlobal
